
Microsoft Visual Studio Solution File, Format Version 12.00
# Visual Studio Version 16
VisualStudioVersion = 16.0.32106.194
MinimumVisualStudioVersion = 10.0.40219.1
Project("{8BC9CEB8-8B4A-11D0-8D11-00A0C91BC942}") = "KProtect", "KProtect\KProtect.vcxproj", "{A55BA92D-B16B-4815-BE40-065B652E8990}"
EndProject
Project("{8BC9CEB8-8B4A-11D0-8D11-00A0C91BC942}") = "Protect", "Protect\Protect.vcxproj", "{0D88FABA-4176-438B-9A51-CED44DC75444}"
EndProject
Project("{8BC9CEB8-8B4A-11D0-8D11-00A0C91BC942}") = "SysMon", "SysMon\SysMon.vcxproj", "{898CA532-333B-4D23-9581-BD99E6C9545C}"
EndProject
Project("{8BC9CEB8-8B4A-11D0-8D11-00A0C91BC942}") = "SysMonClient", "SysMonClient\SysMonClient.vcxproj", "{247AC5B9-78D1-48B5-967A-5CB5139511E1}"
EndProject
Global
	GlobalSection(SolutionConfigurationPlatforms) = preSolution
		Debug|ARM = Debug|ARM
		Debug|ARM64 = Debug|ARM64
		Debug|x64 = Debug|x64
		Debug|x86 = Debug|x86
		Release|ARM = Release|ARM
		Release|ARM64 = Release|ARM64
		Release|x64 = Release|x64
		Release|x86 = Release|x86
	EndGlobalSection
	GlobalSection(ProjectConfigurationPlatforms) = postSolution
		{A55BA92D-B16B-4815-BE40-065B652E8990}.Debug|ARM.ActiveCfg = Debug|ARM
		{A55BA92D-B16B-4815-BE40-065B652E8990}.Debug|ARM.Build.0 = Debug|ARM
		{A55BA92D-B16B-4815-BE40-065B652E8990}.Debug|ARM.Deploy.0 = Debug|ARM
		{A55BA92D-B16B-4815-BE40-065B652E8990}.Debug|ARM64.ActiveCfg = Debug|ARM64
		{A55BA92D-B16B-4815-BE40-065B652E8990}.Debug|ARM64.Build.0 = Debug|ARM64
		{A55BA92D-B16B-4815-BE40-065B652E8990}.Debug|ARM64.Deploy.0 = Debug|ARM64
		{A55BA92D-B16B-4815-BE40-065B652E8990}.Debug|x64.ActiveCfg = Debug|x64
		{A55BA92D-B16B-4815-BE40-065B652E8990}.Debug|x64.Build.0 = Debug|x64
		{A55BA92D-B16B-4815-BE40-065B652E8990}.Debug|x64.Deploy.0 = Debug|x64
		{A55BA92D-B16B-4815-BE40-065B652E8990}.Debug|x86.ActiveCfg = Debug|Win32
		{A55BA92D-B16B-4815-BE40-065B652E8990}.Debug|x86.Build.0 = Debug|Win32
		{A55BA92D-B16B-4815-BE40-065B652E8990}.Debug|x86.Deploy.0 = Debug|Win32
		{A55BA92D-B16B-4815-BE40-065B652E8990}.Release|ARM.ActiveCfg = Release|ARM
		{A55BA92D-B16B-4815-BE40-065B652E8990}.Release|ARM.Build.0 = Release|ARM
		{A55BA92D-B16B-4815-BE40-065B652E8990}.Release|ARM.Deploy.0 = Release|ARM
		{A55BA92D-B16B-4815-BE40-065B652E8990}.Release|ARM64.ActiveCfg = Release|ARM64
		{A55BA92D-B16B-4815-BE40-065B652E8990}.Release|ARM64.Build.0 = Release|ARM64
		{A55BA92D-B16B-4815-BE40-065B652E8990}.Release|ARM64.Deploy.0 = Release|ARM64
		{A55BA92D-B16B-4815-BE40-065B652E8990}.Release|x64.ActiveCfg = Release|x64
		{A55BA92D-B16B-4815-BE40-065B652E8990}.Release|x64.Build.0 = Release|x64
		{A55BA92D-B16B-4815-BE40-065B652E8990}.Release|x64.Deploy.0 = Release|x64
		{A55BA92D-B16B-4815-BE40-065B652E8990}.Release|x86.ActiveCfg = Release|Win32
		{A55BA92D-B16B-4815-BE40-065B652E8990}.Release|x86.Build.0 = Release|Win32
		{A55BA92D-B16B-4815-BE40-065B652E8990}.Release|x86.Deploy.0 = Release|Win32
		{0D88FABA-4176-438B-9A51-CED44DC75444}.Debug|ARM.ActiveCfg = Debug|Win32
		{0D88FABA-4176-438B-9A51-CED44DC75444}.Debug|ARM64.ActiveCfg = Debug|Win32
		{0D88FABA-4176-438B-9A51-CED44DC75444}.Debug|x64.ActiveCfg = Debug|x64
		{0D88FABA-4176-438B-9A51-CED44DC75444}.Debug|x64.Build.0 = Debug|x64
		{0D88FABA-4176-438B-9A51-CED44DC75444}.Debug|x86.ActiveCfg = Debug|Win32
		{0D88FABA-4176-438B-9A51-CED44DC75444}.Debug|x86.Build.0 = Debug|Win32
		{0D88FABA-4176-438B-9A51-CED44DC75444}.Release|ARM.ActiveCfg = Release|Win32
		{0D88FABA-4176-438B-9A51-CED44DC75444}.Release|ARM64.ActiveCfg = Release|Win32
		{0D88FABA-4176-438B-9A51-CED44DC75444}.Release|x64.ActiveCfg = Release|x64
		{0D88FABA-4176-438B-9A51-CED44DC75444}.Release|x64.Build.0 = Release|x64
		{0D88FABA-4176-438B-9A51-CED44DC75444}.Release|x86.ActiveCfg = Release|Win32
		{0D88FABA-4176-438B-9A51-CED44DC75444}.Release|x86.Build.0 = Release|Win32
		{898CA532-333B-4D23-9581-BD99E6C9545C}.Debug|ARM.ActiveCfg = Debug|ARM
		{898CA532-333B-4D23-9581-BD99E6C9545C}.Debug|ARM.Build.0 = Debug|ARM
		{898CA532-333B-4D23-9581-BD99E6C9545C}.Debug|ARM.Deploy.0 = Debug|ARM
		{898CA532-333B-4D23-9581-BD99E6C9545C}.Debug|ARM64.ActiveCfg = Debug|ARM64
		{898CA532-333B-4D23-9581-BD99E6C9545C}.Debug|ARM64.Build.0 = Debug|ARM64
		{898CA532-333B-4D23-9581-BD99E6C9545C}.Debug|ARM64.Deploy.0 = Debug|ARM64
		{898CA532-333B-4D23-9581-BD99E6C9545C}.Debug|x64.ActiveCfg = Debug|x64
		{898CA532-333B-4D23-9581-BD99E6C9545C}.Debug|x64.Build.0 = Debug|x64
		{898CA532-333B-4D23-9581-BD99E6C9545C}.Debug|x64.Deploy.0 = Debug|x64
		{898CA532-333B-4D23-9581-BD99E6C9545C}.Debug|x86.ActiveCfg = Debug|Win32
		{898CA532-333B-4D23-9581-BD99E6C9545C}.Debug|x86.Build.0 = Debug|Win32
		{898CA532-333B-4D23-9581-BD99E6C9545C}.Debug|x86.Deploy.0 = Debug|Win32
		{898CA532-333B-4D23-9581-BD99E6C9545C}.Release|ARM.ActiveCfg = Release|ARM
		{898CA532-333B-4D23-9581-BD99E6C9545C}.Release|ARM.Build.0 = Release|ARM
		{898CA532-333B-4D23-9581-BD99E6C9545C}.Release|ARM.Deploy.0 = Release|ARM
		{898CA532-333B-4D23-9581-BD99E6C9545C}.Release|ARM64.ActiveCfg = Release|ARM64
		{898CA532-333B-4D23-9581-BD99E6C9545C}.Release|ARM64.Build.0 = Release|ARM64
		{898CA532-333B-4D23-9581-BD99E6C9545C}.Release|ARM64.Deploy.0 = Release|ARM64
		{898CA532-333B-4D23-9581-BD99E6C9545C}.Release|x64.ActiveCfg = Release|x64
		{898CA532-333B-4D23-9581-BD99E6C9545C}.Release|x64.Build.0 = Release|x64
		{898CA532-333B-4D23-9581-BD99E6C9545C}.Release|x64.Deploy.0 = Release|x64
		{898CA532-333B-4D23-9581-BD99E6C9545C}.Release|x86.ActiveCfg = Release|Win32
		{898CA532-333B-4D23-9581-BD99E6C9545C}.Release|x86.Build.0 = Release|Win32
		{898CA532-333B-4D23-9581-BD99E6C9545C}.Release|x86.Deploy.0 = Release|Win32
		{247AC5B9-78D1-48B5-967A-5CB5139511E1}.Debug|ARM.ActiveCfg = Debug|Win32
		{247AC5B9-78D1-48B5-967A-5CB5139511E1}.Debug|ARM64.ActiveCfg = Debug|Win32
		{247AC5B9-78D1-48B5-967A-5CB5139511E1}.Debug|x64.ActiveCfg = Debug|x64
		{247AC5B9-78D1-48B5-967A-5CB5139511E1}.Debug|x64.Build.0 = Debug|x64
		{247AC5B9-78D1-48B5-967A-5CB5139511E1}.Debug|x86.ActiveCfg = Debug|Win32
		{247AC5B9-78D1-48B5-967A-5CB5139511E1}.Debug|x86.Build.0 = Debug|Win32
		{247AC5B9-78D1-48B5-967A-5CB5139511E1}.Release|ARM.ActiveCfg = Release|Win32
		{247AC5B9-78D1-48B5-967A-5CB5139511E1}.Release|ARM64.ActiveCfg = Release|Win32
		{247AC5B9-78D1-48B5-967A-5CB5139511E1}.Release|x64.ActiveCfg = Release|x64
		{247AC5B9-78D1-48B5-967A-5CB5139511E1}.Release|x64.Build.0 = Release|x64
		{247AC5B9-78D1-48B5-967A-5CB5139511E1}.Release|x86.ActiveCfg = Release|Win32
		{247AC5B9-78D1-48B5-967A-5CB5139511E1}.Release|x86.Build.0 = Release|Win32
	EndGlobalSection
	GlobalSection(SolutionProperties) = preSolution
		HideSolutionNode = FALSE
	EndGlobalSection
	GlobalSection(ExtensibilityGlobals) = postSolution
		SolutionGuid = {F372722D-03FB-44F0-9472-FD23848AE956}
	EndGlobalSection
EndGlobal
