
Microsoft Visual Studio Solution File, Format Version 12.00
# Visual Studio Version 17
VisualStudioVersion = 17.4.32804.182
MinimumVisualStudioVersion = 10.0.40219.1
Project("{8BC9CEB8-8B4A-11D0-8D11-00A0C91BC942}") = "DelProtect", "DelProtect\DelProtect.vcxproj", "{1FB7760A-800A-480D-9942-5C214F4C21EC}"
EndProject
Project("{8BC9CEB8-8B4A-11D0-8D11-00A0C91BC942}") = "KHide", "KHide\KHide.vcxproj", "{4F14FDE3-0303-48F3-810A-273EE411CF49}"
EndProject
Project("{8BC9CEB8-8B4A-11D0-8D11-00A0C91BC942}") = "ktl", "..\ktl\ktl\ktl.vcxproj", "{61D97805-F323-4CEF-BDAF-97643618653A}"
EndProject
Project("{2150E333-8FDC-42A3-9474-1A3956D46DE8}") = "Delete Protect", "Delete Protect", "{3A29E00C-C656-42EC-8722-65EC8CE30379}"
EndProject
Project("{2150E333-8FDC-42A3-9474-1A3956D46DE8}") = "Hide Directory", "Hide Directory", "{AA0BE39A-AB03-4454-A34C-7DF4A5FB9081}"
EndProject
Project("{8BC9CEB8-8B4A-11D0-8D11-00A0C91BC942}") = "DelTest", "DelTest\DelTest.vcxproj", "{D3023914-420C-43A0-B4DE-0D3FBA3209CE}"
EndProject
Project("{8BC9CEB8-8B4A-11D0-8D11-00A0C91BC942}") = "Hide", "Hide\Hide.vcxproj", "{F7F84BC3-989E-4373-B0D7-2267A20E7731}"
EndProject
Project("{2150E333-8FDC-42A3-9474-1A3956D46DE8}") = "Backup", "Backup", "{76B2A3AB-6C65-43E4-9988-79F7FCB58933}"
EndProject
Project("{8BC9CEB8-8B4A-11D0-8D11-00A0C91BC942}") = "KBackup", "KBackup\KBackup.vcxproj", "{08D17B7C-4FB9-4E2E-89AD-269FA194AB78}"
EndProject
Project("{8BC9CEB8-8B4A-11D0-8D11-00A0C91BC942}") = "Restore", "Restore\Restore.vcxproj", "{72D06DC8-73CB-48C1-9E8F-D2A3A5FD470F}"
EndProject
Project("{8BC9CEB8-8B4A-11D0-8D11-00A0C91BC942}") = "Streams", "Streams\Streams.vcxproj", "{00B8E25B-DD2A-4EDE-A407-79CDB488CAC8}"
EndProject
Project("{8BC9CEB8-8B4A-11D0-8D11-00A0C91BC942}") = "KBackup2", "KBackup2\KBackup2.vcxproj", "{5F4B1BD4-C31B-44FC-9DB5-36C9AEED9AFF}"
EndProject
Project("{8BC9CEB8-8B4A-11D0-8D11-00A0C91BC942}") = "BackupMon", "BackupMon\BackupMon.vcxproj", "{6156BFBE-55A3-494C-8712-9E5044B30817}"
EndProject
Project("{8BC9CEB8-8B4A-11D0-8D11-00A0C91BC942}") = "KDelProtect", "KDelprotect\kdelprotect.vcxproj", "{025E9E9C-F0DF-4F40-B189-840E8F943862}"
EndProject
Global
	GlobalSection(SolutionConfigurationPlatforms) = preSolution
		Debug|ARM = Debug|ARM
		Debug|ARM64 = Debug|ARM64
		Debug|x64 = Debug|x64
		Debug|x86 = Debug|x86
		Release|ARM = Release|ARM
		Release|ARM64 = Release|ARM64
		Release|x64 = Release|x64
		Release|x86 = Release|x86
	EndGlobalSection
	GlobalSection(ProjectConfigurationPlatforms) = postSolution
		{1FB7760A-800A-480D-9942-5C214F4C21EC}.Debug|ARM.ActiveCfg = Debug|x64
		{1FB7760A-800A-480D-9942-5C214F4C21EC}.Debug|ARM.Build.0 = Debug|x64
		{1FB7760A-800A-480D-9942-5C214F4C21EC}.Debug|ARM64.ActiveCfg = Debug|x64
		{1FB7760A-800A-480D-9942-5C214F4C21EC}.Debug|ARM64.Build.0 = Debug|x64
		{1FB7760A-800A-480D-9942-5C214F4C21EC}.Debug|x64.ActiveCfg = Debug|x64
		{1FB7760A-800A-480D-9942-5C214F4C21EC}.Debug|x64.Build.0 = Debug|x64
		{1FB7760A-800A-480D-9942-5C214F4C21EC}.Debug|x86.ActiveCfg = Debug|Win32
		{1FB7760A-800A-480D-9942-5C214F4C21EC}.Debug|x86.Build.0 = Debug|Win32
		{1FB7760A-800A-480D-9942-5C214F4C21EC}.Release|ARM.ActiveCfg = Release|x64
		{1FB7760A-800A-480D-9942-5C214F4C21EC}.Release|ARM.Build.0 = Release|x64
		{1FB7760A-800A-480D-9942-5C214F4C21EC}.Release|ARM64.ActiveCfg = Release|x64
		{1FB7760A-800A-480D-9942-5C214F4C21EC}.Release|ARM64.Build.0 = Release|x64
		{1FB7760A-800A-480D-9942-5C214F4C21EC}.Release|x64.ActiveCfg = Release|x64
		{1FB7760A-800A-480D-9942-5C214F4C21EC}.Release|x64.Build.0 = Release|x64
		{1FB7760A-800A-480D-9942-5C214F4C21EC}.Release|x86.ActiveCfg = Release|Win32
		{1FB7760A-800A-480D-9942-5C214F4C21EC}.Release|x86.Build.0 = Release|Win32
		{4F14FDE3-0303-48F3-810A-273EE411CF49}.Debug|ARM.ActiveCfg = Debug|x64
		{4F14FDE3-0303-48F3-810A-273EE411CF49}.Debug|ARM.Build.0 = Debug|x64
		{4F14FDE3-0303-48F3-810A-273EE411CF49}.Debug|ARM.Deploy.0 = Debug|x64
		{4F14FDE3-0303-48F3-810A-273EE411CF49}.Debug|ARM64.ActiveCfg = Debug|ARM64
		{4F14FDE3-0303-48F3-810A-273EE411CF49}.Debug|ARM64.Build.0 = Debug|ARM64
		{4F14FDE3-0303-48F3-810A-273EE411CF49}.Debug|ARM64.Deploy.0 = Debug|ARM64
		{4F14FDE3-0303-48F3-810A-273EE411CF49}.Debug|x64.ActiveCfg = Debug|x64
		{4F14FDE3-0303-48F3-810A-273EE411CF49}.Debug|x64.Build.0 = Debug|x64
		{4F14FDE3-0303-48F3-810A-273EE411CF49}.Debug|x64.Deploy.0 = Debug|x64
		{4F14FDE3-0303-48F3-810A-273EE411CF49}.Debug|x86.ActiveCfg = Debug|x64
		{4F14FDE3-0303-48F3-810A-273EE411CF49}.Debug|x86.Build.0 = Debug|x64
		{4F14FDE3-0303-48F3-810A-273EE411CF49}.Debug|x86.Deploy.0 = Debug|x64
		{4F14FDE3-0303-48F3-810A-273EE411CF49}.Release|ARM.ActiveCfg = Release|x64
		{4F14FDE3-0303-48F3-810A-273EE411CF49}.Release|ARM.Build.0 = Release|x64
		{4F14FDE3-0303-48F3-810A-273EE411CF49}.Release|ARM.Deploy.0 = Release|x64
		{4F14FDE3-0303-48F3-810A-273EE411CF49}.Release|ARM64.ActiveCfg = Release|ARM64
		{4F14FDE3-0303-48F3-810A-273EE411CF49}.Release|ARM64.Build.0 = Release|ARM64
		{4F14FDE3-0303-48F3-810A-273EE411CF49}.Release|ARM64.Deploy.0 = Release|ARM64
		{4F14FDE3-0303-48F3-810A-273EE411CF49}.Release|x64.ActiveCfg = Release|x64
		{4F14FDE3-0303-48F3-810A-273EE411CF49}.Release|x64.Build.0 = Release|x64
		{4F14FDE3-0303-48F3-810A-273EE411CF49}.Release|x64.Deploy.0 = Release|x64
		{4F14FDE3-0303-48F3-810A-273EE411CF49}.Release|x86.ActiveCfg = Release|x64
		{4F14FDE3-0303-48F3-810A-273EE411CF49}.Release|x86.Build.0 = Release|x64
		{4F14FDE3-0303-48F3-810A-273EE411CF49}.Release|x86.Deploy.0 = Release|x64
		{61D97805-F323-4CEF-BDAF-97643618653A}.Debug|ARM.ActiveCfg = Debug|ARM
		{61D97805-F323-4CEF-BDAF-97643618653A}.Debug|ARM.Build.0 = Debug|ARM
		{61D97805-F323-4CEF-BDAF-97643618653A}.Debug|ARM.Deploy.0 = Debug|ARM
		{61D97805-F323-4CEF-BDAF-97643618653A}.Debug|ARM64.ActiveCfg = Debug|ARM64
		{61D97805-F323-4CEF-BDAF-97643618653A}.Debug|ARM64.Build.0 = Debug|ARM64
		{61D97805-F323-4CEF-BDAF-97643618653A}.Debug|ARM64.Deploy.0 = Debug|ARM64
		{61D97805-F323-4CEF-BDAF-97643618653A}.Debug|x64.ActiveCfg = Debug|x64
		{61D97805-F323-4CEF-BDAF-97643618653A}.Debug|x64.Build.0 = Debug|x64
		{61D97805-F323-4CEF-BDAF-97643618653A}.Debug|x64.Deploy.0 = Debug|x64
		{61D97805-F323-4CEF-BDAF-97643618653A}.Debug|x86.ActiveCfg = Debug|Win32
		{61D97805-F323-4CEF-BDAF-97643618653A}.Debug|x86.Build.0 = Debug|Win32
		{61D97805-F323-4CEF-BDAF-97643618653A}.Debug|x86.Deploy.0 = Debug|Win32
		{61D97805-F323-4CEF-BDAF-97643618653A}.Release|ARM.ActiveCfg = Release|ARM
		{61D97805-F323-4CEF-BDAF-97643618653A}.Release|ARM.Build.0 = Release|ARM
		{61D97805-F323-4CEF-BDAF-97643618653A}.Release|ARM.Deploy.0 = Release|ARM
		{61D97805-F323-4CEF-BDAF-97643618653A}.Release|ARM64.ActiveCfg = Release|ARM64
		{61D97805-F323-4CEF-BDAF-97643618653A}.Release|ARM64.Build.0 = Release|ARM64
		{61D97805-F323-4CEF-BDAF-97643618653A}.Release|ARM64.Deploy.0 = Release|ARM64
		{61D97805-F323-4CEF-BDAF-97643618653A}.Release|x64.ActiveCfg = Release|x64
		{61D97805-F323-4CEF-BDAF-97643618653A}.Release|x64.Build.0 = Release|x64
		{61D97805-F323-4CEF-BDAF-97643618653A}.Release|x64.Deploy.0 = Release|x64
		{61D97805-F323-4CEF-BDAF-97643618653A}.Release|x86.ActiveCfg = Release|Win32
		{61D97805-F323-4CEF-BDAF-97643618653A}.Release|x86.Build.0 = Release|Win32
		{61D97805-F323-4CEF-BDAF-97643618653A}.Release|x86.Deploy.0 = Release|Win32
		{D3023914-420C-43A0-B4DE-0D3FBA3209CE}.Debug|ARM.ActiveCfg = Debug|x64
		{D3023914-420C-43A0-B4DE-0D3FBA3209CE}.Debug|ARM.Build.0 = Debug|x64
		{D3023914-420C-43A0-B4DE-0D3FBA3209CE}.Debug|ARM64.ActiveCfg = Debug|x64
		{D3023914-420C-43A0-B4DE-0D3FBA3209CE}.Debug|ARM64.Build.0 = Debug|x64
		{D3023914-420C-43A0-B4DE-0D3FBA3209CE}.Debug|x64.ActiveCfg = Debug|x64
		{D3023914-420C-43A0-B4DE-0D3FBA3209CE}.Debug|x64.Build.0 = Debug|x64
		{D3023914-420C-43A0-B4DE-0D3FBA3209CE}.Debug|x86.ActiveCfg = Debug|Win32
		{D3023914-420C-43A0-B4DE-0D3FBA3209CE}.Debug|x86.Build.0 = Debug|Win32
		{D3023914-420C-43A0-B4DE-0D3FBA3209CE}.Release|ARM.ActiveCfg = Release|x64
		{D3023914-420C-43A0-B4DE-0D3FBA3209CE}.Release|ARM.Build.0 = Release|x64
		{D3023914-420C-43A0-B4DE-0D3FBA3209CE}.Release|ARM64.ActiveCfg = Release|x64
		{D3023914-420C-43A0-B4DE-0D3FBA3209CE}.Release|ARM64.Build.0 = Release|x64
		{D3023914-420C-43A0-B4DE-0D3FBA3209CE}.Release|x64.ActiveCfg = Release|x64
		{D3023914-420C-43A0-B4DE-0D3FBA3209CE}.Release|x64.Build.0 = Release|x64
		{D3023914-420C-43A0-B4DE-0D3FBA3209CE}.Release|x86.ActiveCfg = Release|Win32
		{D3023914-420C-43A0-B4DE-0D3FBA3209CE}.Release|x86.Build.0 = Release|Win32
		{F7F84BC3-989E-4373-B0D7-2267A20E7731}.Debug|ARM.ActiveCfg = Debug|x64
		{F7F84BC3-989E-4373-B0D7-2267A20E7731}.Debug|ARM.Build.0 = Debug|x64
		{F7F84BC3-989E-4373-B0D7-2267A20E7731}.Debug|ARM64.ActiveCfg = Debug|x64
		{F7F84BC3-989E-4373-B0D7-2267A20E7731}.Debug|ARM64.Build.0 = Debug|x64
		{F7F84BC3-989E-4373-B0D7-2267A20E7731}.Debug|x64.ActiveCfg = Debug|x64
		{F7F84BC3-989E-4373-B0D7-2267A20E7731}.Debug|x64.Build.0 = Debug|x64
		{F7F84BC3-989E-4373-B0D7-2267A20E7731}.Debug|x86.ActiveCfg = Debug|Win32
		{F7F84BC3-989E-4373-B0D7-2267A20E7731}.Debug|x86.Build.0 = Debug|Win32
		{F7F84BC3-989E-4373-B0D7-2267A20E7731}.Release|ARM.ActiveCfg = Release|x64
		{F7F84BC3-989E-4373-B0D7-2267A20E7731}.Release|ARM.Build.0 = Release|x64
		{F7F84BC3-989E-4373-B0D7-2267A20E7731}.Release|ARM64.ActiveCfg = Release|x64
		{F7F84BC3-989E-4373-B0D7-2267A20E7731}.Release|ARM64.Build.0 = Release|x64
		{F7F84BC3-989E-4373-B0D7-2267A20E7731}.Release|x64.ActiveCfg = Release|x64
		{F7F84BC3-989E-4373-B0D7-2267A20E7731}.Release|x64.Build.0 = Release|x64
		{F7F84BC3-989E-4373-B0D7-2267A20E7731}.Release|x86.ActiveCfg = Release|Win32
		{F7F84BC3-989E-4373-B0D7-2267A20E7731}.Release|x86.Build.0 = Release|Win32
		{08D17B7C-4FB9-4E2E-89AD-269FA194AB78}.Debug|ARM.ActiveCfg = Debug|x64
		{08D17B7C-4FB9-4E2E-89AD-269FA194AB78}.Debug|ARM.Build.0 = Debug|x64
		{08D17B7C-4FB9-4E2E-89AD-269FA194AB78}.Debug|ARM.Deploy.0 = Debug|x64
		{08D17B7C-4FB9-4E2E-89AD-269FA194AB78}.Debug|ARM64.ActiveCfg = Debug|ARM64
		{08D17B7C-4FB9-4E2E-89AD-269FA194AB78}.Debug|ARM64.Build.0 = Debug|ARM64
		{08D17B7C-4FB9-4E2E-89AD-269FA194AB78}.Debug|ARM64.Deploy.0 = Debug|ARM64
		{08D17B7C-4FB9-4E2E-89AD-269FA194AB78}.Debug|x64.ActiveCfg = Debug|x64
		{08D17B7C-4FB9-4E2E-89AD-269FA194AB78}.Debug|x64.Build.0 = Debug|x64
		{08D17B7C-4FB9-4E2E-89AD-269FA194AB78}.Debug|x64.Deploy.0 = Debug|x64
		{08D17B7C-4FB9-4E2E-89AD-269FA194AB78}.Debug|x86.ActiveCfg = Debug|x64
		{08D17B7C-4FB9-4E2E-89AD-269FA194AB78}.Debug|x86.Build.0 = Debug|x64
		{08D17B7C-4FB9-4E2E-89AD-269FA194AB78}.Debug|x86.Deploy.0 = Debug|x64
		{08D17B7C-4FB9-4E2E-89AD-269FA194AB78}.Release|ARM.ActiveCfg = Release|x64
		{08D17B7C-4FB9-4E2E-89AD-269FA194AB78}.Release|ARM.Build.0 = Release|x64
		{08D17B7C-4FB9-4E2E-89AD-269FA194AB78}.Release|ARM.Deploy.0 = Release|x64
		{08D17B7C-4FB9-4E2E-89AD-269FA194AB78}.Release|ARM64.ActiveCfg = Release|ARM64
		{08D17B7C-4FB9-4E2E-89AD-269FA194AB78}.Release|ARM64.Build.0 = Release|ARM64
		{08D17B7C-4FB9-4E2E-89AD-269FA194AB78}.Release|ARM64.Deploy.0 = Release|ARM64
		{08D17B7C-4FB9-4E2E-89AD-269FA194AB78}.Release|x64.ActiveCfg = Release|x64
		{08D17B7C-4FB9-4E2E-89AD-269FA194AB78}.Release|x64.Build.0 = Release|x64
		{08D17B7C-4FB9-4E2E-89AD-269FA194AB78}.Release|x64.Deploy.0 = Release|x64
		{08D17B7C-4FB9-4E2E-89AD-269FA194AB78}.Release|x86.ActiveCfg = Release|x64
		{08D17B7C-4FB9-4E2E-89AD-269FA194AB78}.Release|x86.Build.0 = Release|x64
		{08D17B7C-4FB9-4E2E-89AD-269FA194AB78}.Release|x86.Deploy.0 = Release|x64
		{72D06DC8-73CB-48C1-9E8F-D2A3A5FD470F}.Debug|ARM.ActiveCfg = Debug|x64
		{72D06DC8-73CB-48C1-9E8F-D2A3A5FD470F}.Debug|ARM.Build.0 = Debug|x64
		{72D06DC8-73CB-48C1-9E8F-D2A3A5FD470F}.Debug|ARM64.ActiveCfg = Debug|x64
		{72D06DC8-73CB-48C1-9E8F-D2A3A5FD470F}.Debug|ARM64.Build.0 = Debug|x64
		{72D06DC8-73CB-48C1-9E8F-D2A3A5FD470F}.Debug|x64.ActiveCfg = Debug|x64
		{72D06DC8-73CB-48C1-9E8F-D2A3A5FD470F}.Debug|x64.Build.0 = Debug|x64
		{72D06DC8-73CB-48C1-9E8F-D2A3A5FD470F}.Debug|x86.ActiveCfg = Debug|Win32
		{72D06DC8-73CB-48C1-9E8F-D2A3A5FD470F}.Debug|x86.Build.0 = Debug|Win32
		{72D06DC8-73CB-48C1-9E8F-D2A3A5FD470F}.Release|ARM.ActiveCfg = Release|x64
		{72D06DC8-73CB-48C1-9E8F-D2A3A5FD470F}.Release|ARM.Build.0 = Release|x64
		{72D06DC8-73CB-48C1-9E8F-D2A3A5FD470F}.Release|ARM64.ActiveCfg = Release|x64
		{72D06DC8-73CB-48C1-9E8F-D2A3A5FD470F}.Release|ARM64.Build.0 = Release|x64
		{72D06DC8-73CB-48C1-9E8F-D2A3A5FD470F}.Release|x64.ActiveCfg = Release|x64
		{72D06DC8-73CB-48C1-9E8F-D2A3A5FD470F}.Release|x64.Build.0 = Release|x64
		{72D06DC8-73CB-48C1-9E8F-D2A3A5FD470F}.Release|x86.ActiveCfg = Release|Win32
		{72D06DC8-73CB-48C1-9E8F-D2A3A5FD470F}.Release|x86.Build.0 = Release|Win32
		{00B8E25B-DD2A-4EDE-A407-79CDB488CAC8}.Debug|ARM.ActiveCfg = Debug|x64
		{00B8E25B-DD2A-4EDE-A407-79CDB488CAC8}.Debug|ARM.Build.0 = Debug|x64
		{00B8E25B-DD2A-4EDE-A407-79CDB488CAC8}.Debug|ARM64.ActiveCfg = Debug|x64
		{00B8E25B-DD2A-4EDE-A407-79CDB488CAC8}.Debug|ARM64.Build.0 = Debug|x64
		{00B8E25B-DD2A-4EDE-A407-79CDB488CAC8}.Debug|x64.ActiveCfg = Debug|x64
		{00B8E25B-DD2A-4EDE-A407-79CDB488CAC8}.Debug|x64.Build.0 = Debug|x64
		{00B8E25B-DD2A-4EDE-A407-79CDB488CAC8}.Debug|x86.ActiveCfg = Debug|Win32
		{00B8E25B-DD2A-4EDE-A407-79CDB488CAC8}.Debug|x86.Build.0 = Debug|Win32
		{00B8E25B-DD2A-4EDE-A407-79CDB488CAC8}.Release|ARM.ActiveCfg = Release|x64
		{00B8E25B-DD2A-4EDE-A407-79CDB488CAC8}.Release|ARM.Build.0 = Release|x64
		{00B8E25B-DD2A-4EDE-A407-79CDB488CAC8}.Release|ARM64.ActiveCfg = Release|x64
		{00B8E25B-DD2A-4EDE-A407-79CDB488CAC8}.Release|ARM64.Build.0 = Release|x64
		{00B8E25B-DD2A-4EDE-A407-79CDB488CAC8}.Release|x64.ActiveCfg = Release|x64
		{00B8E25B-DD2A-4EDE-A407-79CDB488CAC8}.Release|x64.Build.0 = Release|x64
		{00B8E25B-DD2A-4EDE-A407-79CDB488CAC8}.Release|x86.ActiveCfg = Release|Win32
		{00B8E25B-DD2A-4EDE-A407-79CDB488CAC8}.Release|x86.Build.0 = Release|Win32
		{5F4B1BD4-C31B-44FC-9DB5-36C9AEED9AFF}.Debug|ARM.ActiveCfg = Debug|x64
		{5F4B1BD4-C31B-44FC-9DB5-36C9AEED9AFF}.Debug|ARM.Build.0 = Debug|x64
		{5F4B1BD4-C31B-44FC-9DB5-36C9AEED9AFF}.Debug|ARM.Deploy.0 = Debug|x64
		{5F4B1BD4-C31B-44FC-9DB5-36C9AEED9AFF}.Debug|ARM64.ActiveCfg = Debug|ARM64
		{5F4B1BD4-C31B-44FC-9DB5-36C9AEED9AFF}.Debug|ARM64.Build.0 = Debug|ARM64
		{5F4B1BD4-C31B-44FC-9DB5-36C9AEED9AFF}.Debug|ARM64.Deploy.0 = Debug|ARM64
		{5F4B1BD4-C31B-44FC-9DB5-36C9AEED9AFF}.Debug|x64.ActiveCfg = Debug|x64
		{5F4B1BD4-C31B-44FC-9DB5-36C9AEED9AFF}.Debug|x64.Build.0 = Debug|x64
		{5F4B1BD4-C31B-44FC-9DB5-36C9AEED9AFF}.Debug|x64.Deploy.0 = Debug|x64
		{5F4B1BD4-C31B-44FC-9DB5-36C9AEED9AFF}.Debug|x86.ActiveCfg = Debug|x64
		{5F4B1BD4-C31B-44FC-9DB5-36C9AEED9AFF}.Debug|x86.Build.0 = Debug|x64
		{5F4B1BD4-C31B-44FC-9DB5-36C9AEED9AFF}.Debug|x86.Deploy.0 = Debug|x64
		{5F4B1BD4-C31B-44FC-9DB5-36C9AEED9AFF}.Release|ARM.ActiveCfg = Release|x64
		{5F4B1BD4-C31B-44FC-9DB5-36C9AEED9AFF}.Release|ARM.Build.0 = Release|x64
		{5F4B1BD4-C31B-44FC-9DB5-36C9AEED9AFF}.Release|ARM.Deploy.0 = Release|x64
		{5F4B1BD4-C31B-44FC-9DB5-36C9AEED9AFF}.Release|ARM64.ActiveCfg = Release|ARM64
		{5F4B1BD4-C31B-44FC-9DB5-36C9AEED9AFF}.Release|ARM64.Build.0 = Release|ARM64
		{5F4B1BD4-C31B-44FC-9DB5-36C9AEED9AFF}.Release|ARM64.Deploy.0 = Release|ARM64
		{5F4B1BD4-C31B-44FC-9DB5-36C9AEED9AFF}.Release|x64.ActiveCfg = Release|x64
		{5F4B1BD4-C31B-44FC-9DB5-36C9AEED9AFF}.Release|x64.Build.0 = Release|x64
		{5F4B1BD4-C31B-44FC-9DB5-36C9AEED9AFF}.Release|x64.Deploy.0 = Release|x64
		{5F4B1BD4-C31B-44FC-9DB5-36C9AEED9AFF}.Release|x86.ActiveCfg = Release|x64
		{5F4B1BD4-C31B-44FC-9DB5-36C9AEED9AFF}.Release|x86.Build.0 = Release|x64
		{5F4B1BD4-C31B-44FC-9DB5-36C9AEED9AFF}.Release|x86.Deploy.0 = Release|x64
		{6156BFBE-55A3-494C-8712-9E5044B30817}.Debug|ARM.ActiveCfg = Debug|x64
		{6156BFBE-55A3-494C-8712-9E5044B30817}.Debug|ARM.Build.0 = Debug|x64
		{6156BFBE-55A3-494C-8712-9E5044B30817}.Debug|ARM64.ActiveCfg = Debug|x64
		{6156BFBE-55A3-494C-8712-9E5044B30817}.Debug|ARM64.Build.0 = Debug|x64
		{6156BFBE-55A3-494C-8712-9E5044B30817}.Debug|x64.ActiveCfg = Debug|x64
		{6156BFBE-55A3-494C-8712-9E5044B30817}.Debug|x64.Build.0 = Debug|x64
		{6156BFBE-55A3-494C-8712-9E5044B30817}.Debug|x86.ActiveCfg = Debug|Win32
		{6156BFBE-55A3-494C-8712-9E5044B30817}.Debug|x86.Build.0 = Debug|Win32
		{6156BFBE-55A3-494C-8712-9E5044B30817}.Release|ARM.ActiveCfg = Release|x64
		{6156BFBE-55A3-494C-8712-9E5044B30817}.Release|ARM.Build.0 = Release|x64
		{6156BFBE-55A3-494C-8712-9E5044B30817}.Release|ARM64.ActiveCfg = Release|x64
		{6156BFBE-55A3-494C-8712-9E5044B30817}.Release|ARM64.Build.0 = Release|x64
		{6156BFBE-55A3-494C-8712-9E5044B30817}.Release|x64.ActiveCfg = Release|x64
		{6156BFBE-55A3-494C-8712-9E5044B30817}.Release|x64.Build.0 = Release|x64
		{6156BFBE-55A3-494C-8712-9E5044B30817}.Release|x86.ActiveCfg = Release|Win32
		{6156BFBE-55A3-494C-8712-9E5044B30817}.Release|x86.Build.0 = Release|Win32
		{025E9E9C-F0DF-4F40-B189-840E8F943862}.Debug|ARM.ActiveCfg = Debug|x64
		{025E9E9C-F0DF-4F40-B189-840E8F943862}.Debug|ARM.Build.0 = Debug|x64
		{025E9E9C-F0DF-4F40-B189-840E8F943862}.Debug|ARM.Deploy.0 = Debug|x64
		{025E9E9C-F0DF-4F40-B189-840E8F943862}.Debug|ARM64.ActiveCfg = Debug|ARM64
		{025E9E9C-F0DF-4F40-B189-840E8F943862}.Debug|ARM64.Build.0 = Debug|ARM64
		{025E9E9C-F0DF-4F40-B189-840E8F943862}.Debug|ARM64.Deploy.0 = Debug|ARM64
		{025E9E9C-F0DF-4F40-B189-840E8F943862}.Debug|x64.ActiveCfg = Debug|x64
		{025E9E9C-F0DF-4F40-B189-840E8F943862}.Debug|x64.Build.0 = Debug|x64
		{025E9E9C-F0DF-4F40-B189-840E8F943862}.Debug|x64.Deploy.0 = Debug|x64
		{025E9E9C-F0DF-4F40-B189-840E8F943862}.Debug|x86.ActiveCfg = Debug|x64
		{025E9E9C-F0DF-4F40-B189-840E8F943862}.Debug|x86.Build.0 = Debug|x64
		{025E9E9C-F0DF-4F40-B189-840E8F943862}.Debug|x86.Deploy.0 = Debug|x64
		{025E9E9C-F0DF-4F40-B189-840E8F943862}.Release|ARM.ActiveCfg = Release|x64
		{025E9E9C-F0DF-4F40-B189-840E8F943862}.Release|ARM.Build.0 = Release|x64
		{025E9E9C-F0DF-4F40-B189-840E8F943862}.Release|ARM.Deploy.0 = Release|x64
		{025E9E9C-F0DF-4F40-B189-840E8F943862}.Release|ARM64.ActiveCfg = Release|ARM64
		{025E9E9C-F0DF-4F40-B189-840E8F943862}.Release|ARM64.Build.0 = Release|ARM64
		{025E9E9C-F0DF-4F40-B189-840E8F943862}.Release|ARM64.Deploy.0 = Release|ARM64
		{025E9E9C-F0DF-4F40-B189-840E8F943862}.Release|x64.ActiveCfg = Release|x64
		{025E9E9C-F0DF-4F40-B189-840E8F943862}.Release|x64.Build.0 = Release|x64
		{025E9E9C-F0DF-4F40-B189-840E8F943862}.Release|x64.Deploy.0 = Release|x64
		{025E9E9C-F0DF-4F40-B189-840E8F943862}.Release|x86.ActiveCfg = Release|x64
		{025E9E9C-F0DF-4F40-B189-840E8F943862}.Release|x86.Build.0 = Release|x64
		{025E9E9C-F0DF-4F40-B189-840E8F943862}.Release|x86.Deploy.0 = Release|x64
	EndGlobalSection
	GlobalSection(SolutionProperties) = preSolution
		HideSolutionNode = FALSE
	EndGlobalSection
	GlobalSection(NestedProjects) = preSolution
		{1FB7760A-800A-480D-9942-5C214F4C21EC} = {3A29E00C-C656-42EC-8722-65EC8CE30379}
		{4F14FDE3-0303-48F3-810A-273EE411CF49} = {AA0BE39A-AB03-4454-A34C-7DF4A5FB9081}
		{D3023914-420C-43A0-B4DE-0D3FBA3209CE} = {3A29E00C-C656-42EC-8722-65EC8CE30379}
		{F7F84BC3-989E-4373-B0D7-2267A20E7731} = {AA0BE39A-AB03-4454-A34C-7DF4A5FB9081}
		{08D17B7C-4FB9-4E2E-89AD-269FA194AB78} = {76B2A3AB-6C65-43E4-9988-79F7FCB58933}
		{72D06DC8-73CB-48C1-9E8F-D2A3A5FD470F} = {76B2A3AB-6C65-43E4-9988-79F7FCB58933}
		{00B8E25B-DD2A-4EDE-A407-79CDB488CAC8} = {76B2A3AB-6C65-43E4-9988-79F7FCB58933}
		{5F4B1BD4-C31B-44FC-9DB5-36C9AEED9AFF} = {76B2A3AB-6C65-43E4-9988-79F7FCB58933}
		{6156BFBE-55A3-494C-8712-9E5044B30817} = {76B2A3AB-6C65-43E4-9988-79F7FCB58933}
		{025E9E9C-F0DF-4F40-B189-840E8F943862} = {3A29E00C-C656-42EC-8722-65EC8CE30379}
	EndGlobalSection
	GlobalSection(ExtensibilityGlobals) = postSolution
		SolutionGuid = {94CD5BDC-2D32-4453-A701-6E13BA98C7BB}
	EndGlobalSection
EndGlobal
