
Microsoft Visual Studio Solution File, Format Version 12.00
# Visual Studio Version 16
VisualStudioVersion = 16.0.31911.196
MinimumVisualStudioVersion = 10.0.40219.1
Project("{8BC9CEB8-8B4A-11D0-8D11-00A0C91BC942}") = "ZeroTest", "ZeroTest\ZeroTest.vcxproj", "{FD5DC0E3-54C1-48F0-AED1-95A77F2BB6A7}"
EndProject
Project("{8BC9CEB8-8B4A-11D0-8D11-00A0C91BC942}") = "Zero", "Zero\Zero.vcxproj", "{B2F45AE7-7A83-4B17-A89A-F695E75EA73F}"
EndProject
Global
	GlobalSection(SolutionConfigurationPlatforms) = preSolution
		Debug|ARM = Debug|ARM
		Debug|ARM64 = Debug|ARM64
		Debug|x64 = Debug|x64
		Debug|x86 = Debug|x86
		Release|ARM = Release|ARM
		Release|ARM64 = Release|ARM64
		Release|x64 = Release|x64
		Release|x86 = Release|x86
	EndGlobalSection
	GlobalSection(ProjectConfigurationPlatforms) = postSolution
		{FD5DC0E3-54C1-48F0-AED1-95A77F2BB6A7}.Debug|ARM.ActiveCfg = Debug|Win32
		{FD5DC0E3-54C1-48F0-AED1-95A77F2BB6A7}.Debug|ARM64.ActiveCfg = Debug|Win32
		{FD5DC0E3-54C1-48F0-AED1-95A77F2BB6A7}.Debug|x64.ActiveCfg = Debug|x64
		{FD5DC0E3-54C1-48F0-AED1-95A77F2BB6A7}.Debug|x64.Build.0 = Debug|x64
		{FD5DC0E3-54C1-48F0-AED1-95A77F2BB6A7}.Debug|x86.ActiveCfg = Debug|Win32
		{FD5DC0E3-54C1-48F0-AED1-95A77F2BB6A7}.Debug|x86.Build.0 = Debug|Win32
		{FD5DC0E3-54C1-48F0-AED1-95A77F2BB6A7}.Release|ARM.ActiveCfg = Release|Win32
		{FD5DC0E3-54C1-48F0-AED1-95A77F2BB6A7}.Release|ARM64.ActiveCfg = Release|Win32
		{FD5DC0E3-54C1-48F0-AED1-95A77F2BB6A7}.Release|x64.ActiveCfg = Release|x64
		{FD5DC0E3-54C1-48F0-AED1-95A77F2BB6A7}.Release|x64.Build.0 = Release|x64
		{FD5DC0E3-54C1-48F0-AED1-95A77F2BB6A7}.Release|x86.ActiveCfg = Release|Win32
		{FD5DC0E3-54C1-48F0-AED1-95A77F2BB6A7}.Release|x86.Build.0 = Release|Win32
		{B2F45AE7-7A83-4B17-A89A-F695E75EA73F}.Debug|ARM.ActiveCfg = Debug|ARM
		{B2F45AE7-7A83-4B17-A89A-F695E75EA73F}.Debug|ARM.Build.0 = Debug|ARM
		{B2F45AE7-7A83-4B17-A89A-F695E75EA73F}.Debug|ARM.Deploy.0 = Debug|ARM
		{B2F45AE7-7A83-4B17-A89A-F695E75EA73F}.Debug|ARM64.ActiveCfg = Debug|ARM64
		{B2F45AE7-7A83-4B17-A89A-F695E75EA73F}.Debug|ARM64.Build.0 = Debug|ARM64
		{B2F45AE7-7A83-4B17-A89A-F695E75EA73F}.Debug|ARM64.Deploy.0 = Debug|ARM64
		{B2F45AE7-7A83-4B17-A89A-F695E75EA73F}.Debug|x64.ActiveCfg = Debug|x64
		{B2F45AE7-7A83-4B17-A89A-F695E75EA73F}.Debug|x64.Build.0 = Debug|x64
		{B2F45AE7-7A83-4B17-A89A-F695E75EA73F}.Debug|x64.Deploy.0 = Debug|x64
		{B2F45AE7-7A83-4B17-A89A-F695E75EA73F}.Debug|x86.ActiveCfg = Debug|Win32
		{B2F45AE7-7A83-4B17-A89A-F695E75EA73F}.Debug|x86.Build.0 = Debug|Win32
		{B2F45AE7-7A83-4B17-A89A-F695E75EA73F}.Debug|x86.Deploy.0 = Debug|Win32
		{B2F45AE7-7A83-4B17-A89A-F695E75EA73F}.Release|ARM.ActiveCfg = Release|ARM
		{B2F45AE7-7A83-4B17-A89A-F695E75EA73F}.Release|ARM.Build.0 = Release|ARM
		{B2F45AE7-7A83-4B17-A89A-F695E75EA73F}.Release|ARM.Deploy.0 = Release|ARM
		{B2F45AE7-7A83-4B17-A89A-F695E75EA73F}.Release|ARM64.ActiveCfg = Release|ARM64
		{B2F45AE7-7A83-4B17-A89A-F695E75EA73F}.Release|ARM64.Build.0 = Release|ARM64
		{B2F45AE7-7A83-4B17-A89A-F695E75EA73F}.Release|ARM64.Deploy.0 = Release|ARM64
		{B2F45AE7-7A83-4B17-A89A-F695E75EA73F}.Release|x64.ActiveCfg = Release|x64
		{B2F45AE7-7A83-4B17-A89A-F695E75EA73F}.Release|x64.Build.0 = Release|x64
		{B2F45AE7-7A83-4B17-A89A-F695E75EA73F}.Release|x64.Deploy.0 = Release|x64
		{B2F45AE7-7A83-4B17-A89A-F695E75EA73F}.Release|x86.ActiveCfg = Release|Win32
		{B2F45AE7-7A83-4B17-A89A-F695E75EA73F}.Release|x86.Build.0 = Release|Win32
		{B2F45AE7-7A83-4B17-A89A-F695E75EA73F}.Release|x86.Deploy.0 = Release|Win32
	EndGlobalSection
	GlobalSection(SolutionProperties) = preSolution
		HideSolutionNode = FALSE
	EndGlobalSection
	GlobalSection(ExtensibilityGlobals) = postSolution
		SolutionGuid = {62913460-CCAA-4AC9-BCBE-99E485396203}
	EndGlobalSection
EndGlobal
