
Microsoft Visual Studio Solution File, Format Version 12.00
# Visual Studio Version 17
VisualStudioVersion = 17.5.33209.295
MinimumVisualStudioVersion = 10.0.40219.1
Project("{8BC9CEB8-8B4A-11D0-8D11-00A0C91BC942}") = "wfpfilters", "wfpfilters\wfpfilters.vcxproj", "{2DCD93F7-1276-4176-9F44-337052B64F6E}"
EndProject
Project("{8BC9CEB8-8B4A-11D0-8D11-00A0C91BC942}") = "ProcessNetFilter", "ProcessNetFilter\ProcessNetFilter.vcxproj", "{0BBEEF9C-791B-405A-B00D-20DD625C6978}"
EndProject
Project("{8BC9CEB8-8B4A-11D0-8D11-00A0C91BC942}") = "BlockProcess", "BlockProcess\BlockProcess.vcxproj", "{E945CF39-2E2B-4485-9CD4-4E44A5FDE50F}"
EndProject
Global
	GlobalSection(SolutionConfigurationPlatforms) = preSolution
		Debug|ARM64 = Debug|ARM64
		Debug|x64 = Debug|x64
		Debug|x86 = Debug|x86
		Release|ARM64 = Release|ARM64
		Release|x64 = Release|x64
		Release|x86 = Release|x86
	EndGlobalSection
	GlobalSection(ProjectConfigurationPlatforms) = postSolution
		{2DCD93F7-1276-4176-9F44-337052B64F6E}.Debug|ARM64.ActiveCfg = Debug|x64
		{2DCD93F7-1276-4176-9F44-337052B64F6E}.Debug|ARM64.Build.0 = Debug|x64
		{2DCD93F7-1276-4176-9F44-337052B64F6E}.Debug|x64.ActiveCfg = Debug|x64
		{2DCD93F7-1276-4176-9F44-337052B64F6E}.Debug|x64.Build.0 = Debug|x64
		{2DCD93F7-1276-4176-9F44-337052B64F6E}.Debug|x86.ActiveCfg = Debug|Win32
		{2DCD93F7-1276-4176-9F44-337052B64F6E}.Debug|x86.Build.0 = Debug|Win32
		{2DCD93F7-1276-4176-9F44-337052B64F6E}.Release|ARM64.ActiveCfg = Release|x64
		{2DCD93F7-1276-4176-9F44-337052B64F6E}.Release|ARM64.Build.0 = Release|x64
		{2DCD93F7-1276-4176-9F44-337052B64F6E}.Release|x64.ActiveCfg = Release|x64
		{2DCD93F7-1276-4176-9F44-337052B64F6E}.Release|x64.Build.0 = Release|x64
		{2DCD93F7-1276-4176-9F44-337052B64F6E}.Release|x86.ActiveCfg = Release|Win32
		{2DCD93F7-1276-4176-9F44-337052B64F6E}.Release|x86.Build.0 = Release|Win32
		{0BBEEF9C-791B-405A-B00D-20DD625C6978}.Debug|ARM64.ActiveCfg = Debug|ARM64
		{0BBEEF9C-791B-405A-B00D-20DD625C6978}.Debug|ARM64.Build.0 = Debug|ARM64
		{0BBEEF9C-791B-405A-B00D-20DD625C6978}.Debug|ARM64.Deploy.0 = Debug|ARM64
		{0BBEEF9C-791B-405A-B00D-20DD625C6978}.Debug|x64.ActiveCfg = Debug|x64
		{0BBEEF9C-791B-405A-B00D-20DD625C6978}.Debug|x64.Build.0 = Debug|x64
		{0BBEEF9C-791B-405A-B00D-20DD625C6978}.Debug|x64.Deploy.0 = Debug|x64
		{0BBEEF9C-791B-405A-B00D-20DD625C6978}.Debug|x86.ActiveCfg = Debug|x64
		{0BBEEF9C-791B-405A-B00D-20DD625C6978}.Debug|x86.Build.0 = Debug|x64
		{0BBEEF9C-791B-405A-B00D-20DD625C6978}.Debug|x86.Deploy.0 = Debug|x64
		{0BBEEF9C-791B-405A-B00D-20DD625C6978}.Release|ARM64.ActiveCfg = Release|ARM64
		{0BBEEF9C-791B-405A-B00D-20DD625C6978}.Release|ARM64.Build.0 = Release|ARM64
		{0BBEEF9C-791B-405A-B00D-20DD625C6978}.Release|ARM64.Deploy.0 = Release|ARM64
		{0BBEEF9C-791B-405A-B00D-20DD625C6978}.Release|x64.ActiveCfg = Release|x64
		{0BBEEF9C-791B-405A-B00D-20DD625C6978}.Release|x64.Build.0 = Release|x64
		{0BBEEF9C-791B-405A-B00D-20DD625C6978}.Release|x64.Deploy.0 = Release|x64
		{0BBEEF9C-791B-405A-B00D-20DD625C6978}.Release|x86.ActiveCfg = Release|x64
		{0BBEEF9C-791B-405A-B00D-20DD625C6978}.Release|x86.Build.0 = Release|x64
		{0BBEEF9C-791B-405A-B00D-20DD625C6978}.Release|x86.Deploy.0 = Release|x64
		{E945CF39-2E2B-4485-9CD4-4E44A5FDE50F}.Debug|ARM64.ActiveCfg = Debug|x64
		{E945CF39-2E2B-4485-9CD4-4E44A5FDE50F}.Debug|ARM64.Build.0 = Debug|x64
		{E945CF39-2E2B-4485-9CD4-4E44A5FDE50F}.Debug|x64.ActiveCfg = Debug|x64
		{E945CF39-2E2B-4485-9CD4-4E44A5FDE50F}.Debug|x64.Build.0 = Debug|x64
		{E945CF39-2E2B-4485-9CD4-4E44A5FDE50F}.Debug|x86.ActiveCfg = Debug|Win32
		{E945CF39-2E2B-4485-9CD4-4E44A5FDE50F}.Debug|x86.Build.0 = Debug|Win32
		{E945CF39-2E2B-4485-9CD4-4E44A5FDE50F}.Release|ARM64.ActiveCfg = Release|x64
		{E945CF39-2E2B-4485-9CD4-4E44A5FDE50F}.Release|ARM64.Build.0 = Release|x64
		{E945CF39-2E2B-4485-9CD4-4E44A5FDE50F}.Release|x64.ActiveCfg = Release|x64
		{E945CF39-2E2B-4485-9CD4-4E44A5FDE50F}.Release|x64.Build.0 = Release|x64
		{E945CF39-2E2B-4485-9CD4-4E44A5FDE50F}.Release|x86.ActiveCfg = Release|Win32
		{E945CF39-2E2B-4485-9CD4-4E44A5FDE50F}.Release|x86.Build.0 = Release|Win32
	EndGlobalSection
	GlobalSection(SolutionProperties) = preSolution
		HideSolutionNode = FALSE
	EndGlobalSection
	GlobalSection(ExtensibilityGlobals) = postSolution
		SolutionGuid = {CF76F1BD-C70F-40C7-BBD4-A306E1D8F37B}
	EndGlobalSection
EndGlobal
