
Microsoft Visual Studio Solution File, Format Version 12.00
# Visual Studio Version 16
VisualStudioVersion = 16.0.32630.194
MinimumVisualStudioVersion = 10.0.40219.1
Project("{8BC9CEB8-8B4A-11D0-8D11-00A0C91BC942}") = "Timers", "Timers\Timers.vcxproj", "{9DAD5ADD-D206-429B-8087-94034C423A39}"
EndProject
Project("{8BC9CEB8-8B4A-11D0-8D11-00A0C91BC942}") = "TimersTest", "TimersTest\TimersTest.vcxproj", "{AE7286D3-776B-43AE-B204-2F70985334D3}"
EndProject
Project("{8BC9CEB8-8B4A-11D0-8D11-00A0C91BC942}") = "Tables", "Tables\Tables.vcxproj", "{9B3B6204-A75D-4511-88F4-1BFC49FCBFBB}"
EndProject
Project("{8BC9CEB8-8B4A-11D0-8D11-00A0C91BC942}") = "TablesTest", "TablesTest\TablesTest.vcxproj", "{13E1C9C0-AACA-4F19-A4F2-5D54F120EA5A}"
EndProject
Project("{8BC9CEB8-8B4A-11D0-8D11-00A0C91BC942}") = "Callbacks", "Callbacks\Callbacks.vcxproj", "{92306564-B95A-4EF1-AC95-2D77EBA13E5D}"
EndProject
Global
	GlobalSection(SolutionConfigurationPlatforms) = preSolution
		Debug|ARM = Debug|ARM
		Debug|ARM64 = Debug|ARM64
		Debug|x64 = Debug|x64
		Debug|x86 = Debug|x86
		Release|ARM = Release|ARM
		Release|ARM64 = Release|ARM64
		Release|x64 = Release|x64
		Release|x86 = Release|x86
	EndGlobalSection
	GlobalSection(ProjectConfigurationPlatforms) = postSolution
		{9DAD5ADD-D206-429B-8087-94034C423A39}.Debug|ARM.ActiveCfg = Debug|ARM
		{9DAD5ADD-D206-429B-8087-94034C423A39}.Debug|ARM.Build.0 = Debug|ARM
		{9DAD5ADD-D206-429B-8087-94034C423A39}.Debug|ARM.Deploy.0 = Debug|ARM
		{9DAD5ADD-D206-429B-8087-94034C423A39}.Debug|ARM64.ActiveCfg = Debug|ARM64
		{9DAD5ADD-D206-429B-8087-94034C423A39}.Debug|ARM64.Build.0 = Debug|ARM64
		{9DAD5ADD-D206-429B-8087-94034C423A39}.Debug|ARM64.Deploy.0 = Debug|ARM64
		{9DAD5ADD-D206-429B-8087-94034C423A39}.Debug|x64.ActiveCfg = Debug|x64
		{9DAD5ADD-D206-429B-8087-94034C423A39}.Debug|x64.Build.0 = Debug|x64
		{9DAD5ADD-D206-429B-8087-94034C423A39}.Debug|x64.Deploy.0 = Debug|x64
		{9DAD5ADD-D206-429B-8087-94034C423A39}.Debug|x86.ActiveCfg = Debug|Win32
		{9DAD5ADD-D206-429B-8087-94034C423A39}.Debug|x86.Build.0 = Debug|Win32
		{9DAD5ADD-D206-429B-8087-94034C423A39}.Debug|x86.Deploy.0 = Debug|Win32
		{9DAD5ADD-D206-429B-8087-94034C423A39}.Release|ARM.ActiveCfg = Release|ARM
		{9DAD5ADD-D206-429B-8087-94034C423A39}.Release|ARM.Build.0 = Release|ARM
		{9DAD5ADD-D206-429B-8087-94034C423A39}.Release|ARM.Deploy.0 = Release|ARM
		{9DAD5ADD-D206-429B-8087-94034C423A39}.Release|ARM64.ActiveCfg = Release|ARM64
		{9DAD5ADD-D206-429B-8087-94034C423A39}.Release|ARM64.Build.0 = Release|ARM64
		{9DAD5ADD-D206-429B-8087-94034C423A39}.Release|ARM64.Deploy.0 = Release|ARM64
		{9DAD5ADD-D206-429B-8087-94034C423A39}.Release|x64.ActiveCfg = Release|x64
		{9DAD5ADD-D206-429B-8087-94034C423A39}.Release|x64.Build.0 = Release|x64
		{9DAD5ADD-D206-429B-8087-94034C423A39}.Release|x64.Deploy.0 = Release|x64
		{9DAD5ADD-D206-429B-8087-94034C423A39}.Release|x86.ActiveCfg = Release|Win32
		{9DAD5ADD-D206-429B-8087-94034C423A39}.Release|x86.Build.0 = Release|Win32
		{9DAD5ADD-D206-429B-8087-94034C423A39}.Release|x86.Deploy.0 = Release|Win32
		{AE7286D3-776B-43AE-B204-2F70985334D3}.Debug|ARM.ActiveCfg = Debug|Win32
		{AE7286D3-776B-43AE-B204-2F70985334D3}.Debug|ARM64.ActiveCfg = Debug|Win32
		{AE7286D3-776B-43AE-B204-2F70985334D3}.Debug|x64.ActiveCfg = Debug|x64
		{AE7286D3-776B-43AE-B204-2F70985334D3}.Debug|x64.Build.0 = Debug|x64
		{AE7286D3-776B-43AE-B204-2F70985334D3}.Debug|x86.ActiveCfg = Debug|Win32
		{AE7286D3-776B-43AE-B204-2F70985334D3}.Debug|x86.Build.0 = Debug|Win32
		{AE7286D3-776B-43AE-B204-2F70985334D3}.Release|ARM.ActiveCfg = Release|Win32
		{AE7286D3-776B-43AE-B204-2F70985334D3}.Release|ARM64.ActiveCfg = Release|Win32
		{AE7286D3-776B-43AE-B204-2F70985334D3}.Release|x64.ActiveCfg = Release|x64
		{AE7286D3-776B-43AE-B204-2F70985334D3}.Release|x64.Build.0 = Release|x64
		{AE7286D3-776B-43AE-B204-2F70985334D3}.Release|x86.ActiveCfg = Release|Win32
		{AE7286D3-776B-43AE-B204-2F70985334D3}.Release|x86.Build.0 = Release|Win32
		{9B3B6204-A75D-4511-88F4-1BFC49FCBFBB}.Debug|ARM.ActiveCfg = Debug|ARM
		{9B3B6204-A75D-4511-88F4-1BFC49FCBFBB}.Debug|ARM.Build.0 = Debug|ARM
		{9B3B6204-A75D-4511-88F4-1BFC49FCBFBB}.Debug|ARM.Deploy.0 = Debug|ARM
		{9B3B6204-A75D-4511-88F4-1BFC49FCBFBB}.Debug|ARM64.ActiveCfg = Debug|ARM64
		{9B3B6204-A75D-4511-88F4-1BFC49FCBFBB}.Debug|ARM64.Build.0 = Debug|ARM64
		{9B3B6204-A75D-4511-88F4-1BFC49FCBFBB}.Debug|ARM64.Deploy.0 = Debug|ARM64
		{9B3B6204-A75D-4511-88F4-1BFC49FCBFBB}.Debug|x64.ActiveCfg = Debug|x64
		{9B3B6204-A75D-4511-88F4-1BFC49FCBFBB}.Debug|x64.Build.0 = Debug|x64
		{9B3B6204-A75D-4511-88F4-1BFC49FCBFBB}.Debug|x64.Deploy.0 = Debug|x64
		{9B3B6204-A75D-4511-88F4-1BFC49FCBFBB}.Debug|x86.ActiveCfg = Debug|Win32
		{9B3B6204-A75D-4511-88F4-1BFC49FCBFBB}.Debug|x86.Build.0 = Debug|Win32
		{9B3B6204-A75D-4511-88F4-1BFC49FCBFBB}.Debug|x86.Deploy.0 = Debug|Win32
		{9B3B6204-A75D-4511-88F4-1BFC49FCBFBB}.Release|ARM.ActiveCfg = Release|ARM
		{9B3B6204-A75D-4511-88F4-1BFC49FCBFBB}.Release|ARM.Build.0 = Release|ARM
		{9B3B6204-A75D-4511-88F4-1BFC49FCBFBB}.Release|ARM.Deploy.0 = Release|ARM
		{9B3B6204-A75D-4511-88F4-1BFC49FCBFBB}.Release|ARM64.ActiveCfg = Release|ARM64
		{9B3B6204-A75D-4511-88F4-1BFC49FCBFBB}.Release|ARM64.Build.0 = Release|ARM64
		{9B3B6204-A75D-4511-88F4-1BFC49FCBFBB}.Release|ARM64.Deploy.0 = Release|ARM64
		{9B3B6204-A75D-4511-88F4-1BFC49FCBFBB}.Release|x64.ActiveCfg = Release|x64
		{9B3B6204-A75D-4511-88F4-1BFC49FCBFBB}.Release|x64.Build.0 = Release|x64
		{9B3B6204-A75D-4511-88F4-1BFC49FCBFBB}.Release|x64.Deploy.0 = Release|x64
		{9B3B6204-A75D-4511-88F4-1BFC49FCBFBB}.Release|x86.ActiveCfg = Release|Win32
		{9B3B6204-A75D-4511-88F4-1BFC49FCBFBB}.Release|x86.Build.0 = Release|Win32
		{9B3B6204-A75D-4511-88F4-1BFC49FCBFBB}.Release|x86.Deploy.0 = Release|Win32
		{13E1C9C0-AACA-4F19-A4F2-5D54F120EA5A}.Debug|ARM.ActiveCfg = Debug|Win32
		{13E1C9C0-AACA-4F19-A4F2-5D54F120EA5A}.Debug|ARM64.ActiveCfg = Debug|Win32
		{13E1C9C0-AACA-4F19-A4F2-5D54F120EA5A}.Debug|x64.ActiveCfg = Debug|x64
		{13E1C9C0-AACA-4F19-A4F2-5D54F120EA5A}.Debug|x64.Build.0 = Debug|x64
		{13E1C9C0-AACA-4F19-A4F2-5D54F120EA5A}.Debug|x86.ActiveCfg = Debug|Win32
		{13E1C9C0-AACA-4F19-A4F2-5D54F120EA5A}.Debug|x86.Build.0 = Debug|Win32
		{13E1C9C0-AACA-4F19-A4F2-5D54F120EA5A}.Release|ARM.ActiveCfg = Release|Win32
		{13E1C9C0-AACA-4F19-A4F2-5D54F120EA5A}.Release|ARM64.ActiveCfg = Release|Win32
		{13E1C9C0-AACA-4F19-A4F2-5D54F120EA5A}.Release|x64.ActiveCfg = Release|x64
		{13E1C9C0-AACA-4F19-A4F2-5D54F120EA5A}.Release|x64.Build.0 = Release|x64
		{13E1C9C0-AACA-4F19-A4F2-5D54F120EA5A}.Release|x86.ActiveCfg = Release|Win32
		{13E1C9C0-AACA-4F19-A4F2-5D54F120EA5A}.Release|x86.Build.0 = Release|Win32
		{92306564-B95A-4EF1-AC95-2D77EBA13E5D}.Debug|ARM.ActiveCfg = Debug|ARM
		{92306564-B95A-4EF1-AC95-2D77EBA13E5D}.Debug|ARM.Build.0 = Debug|ARM
		{92306564-B95A-4EF1-AC95-2D77EBA13E5D}.Debug|ARM.Deploy.0 = Debug|ARM
		{92306564-B95A-4EF1-AC95-2D77EBA13E5D}.Debug|ARM64.ActiveCfg = Debug|ARM64
		{92306564-B95A-4EF1-AC95-2D77EBA13E5D}.Debug|ARM64.Build.0 = Debug|ARM64
		{92306564-B95A-4EF1-AC95-2D77EBA13E5D}.Debug|ARM64.Deploy.0 = Debug|ARM64
		{92306564-B95A-4EF1-AC95-2D77EBA13E5D}.Debug|x64.ActiveCfg = Debug|x64
		{92306564-B95A-4EF1-AC95-2D77EBA13E5D}.Debug|x64.Build.0 = Debug|x64
		{92306564-B95A-4EF1-AC95-2D77EBA13E5D}.Debug|x64.Deploy.0 = Debug|x64
		{92306564-B95A-4EF1-AC95-2D77EBA13E5D}.Debug|x86.ActiveCfg = Debug|Win32
		{92306564-B95A-4EF1-AC95-2D77EBA13E5D}.Debug|x86.Build.0 = Debug|Win32
		{92306564-B95A-4EF1-AC95-2D77EBA13E5D}.Debug|x86.Deploy.0 = Debug|Win32
		{92306564-B95A-4EF1-AC95-2D77EBA13E5D}.Release|ARM.ActiveCfg = Release|ARM
		{92306564-B95A-4EF1-AC95-2D77EBA13E5D}.Release|ARM.Build.0 = Release|ARM
		{92306564-B95A-4EF1-AC95-2D77EBA13E5D}.Release|ARM.Deploy.0 = Release|ARM
		{92306564-B95A-4EF1-AC95-2D77EBA13E5D}.Release|ARM64.ActiveCfg = Release|ARM64
		{92306564-B95A-4EF1-AC95-2D77EBA13E5D}.Release|ARM64.Build.0 = Release|ARM64
		{92306564-B95A-4EF1-AC95-2D77EBA13E5D}.Release|ARM64.Deploy.0 = Release|ARM64
		{92306564-B95A-4EF1-AC95-2D77EBA13E5D}.Release|x64.ActiveCfg = Release|x64
		{92306564-B95A-4EF1-AC95-2D77EBA13E5D}.Release|x64.Build.0 = Release|x64
		{92306564-B95A-4EF1-AC95-2D77EBA13E5D}.Release|x64.Deploy.0 = Release|x64
		{92306564-B95A-4EF1-AC95-2D77EBA13E5D}.Release|x86.ActiveCfg = Release|Win32
		{92306564-B95A-4EF1-AC95-2D77EBA13E5D}.Release|x86.Build.0 = Release|Win32
		{92306564-B95A-4EF1-AC95-2D77EBA13E5D}.Release|x86.Deploy.0 = Release|Win32
	EndGlobalSection
	GlobalSection(SolutionProperties) = preSolution
		HideSolutionNode = FALSE
	EndGlobalSection
	GlobalSection(ExtensibilityGlobals) = postSolution
		SolutionGuid = {AA0237DF-D95D-46E5-AD35-6546131C44A9}
	EndGlobalSection
EndGlobal
