
Microsoft Visual Studio Solution File, Format Version 12.00
# Visual Studio Version 16
VisualStudioVersion = 16.0.32106.194
MinimumVisualStudioVersion = 10.0.40219.1
Project("{8BC9CEB8-8B4A-11D0-8D11-00A0C91BC942}") = "SysMon", "SysMon\SysMon.vcxproj", "{898CA532-333B-4D23-9581-BD99E6C9545C}"
EndProject
Project("{8BC9CEB8-8B4A-11D0-8D11-00A0C91BC942}") = "SysMonClient", "SysMonClient\SysMonClient.vcxproj", "{247AC5B9-78D1-48B5-967A-5CB5139511E1}"
EndProject
Project("{8BC9CEB8-8B4A-11D0-8D11-00A0C91BC942}") = "KDetector", "KDetector\KDetector.vcxproj", "{2216DBDB-219E-4B41-8EDA-12FBB8519A6A}"
EndProject
Project("{8BC9CEB8-8B4A-11D0-8D11-00A0C91BC942}") = "Detector", "Detector\Detector.vcxproj", "{975CDD01-EE36-4CA5-8F91-0EAB60AD117D}"
EndProject
Global
	GlobalSection(SolutionConfigurationPlatforms) = preSolution
		Debug|ARM = Debug|ARM
		Debug|ARM64 = Debug|ARM64
		Debug|x64 = Debug|x64
		Debug|x86 = Debug|x86
		Release|ARM = Release|ARM
		Release|ARM64 = Release|ARM64
		Release|x64 = Release|x64
		Release|x86 = Release|x86
	EndGlobalSection
	GlobalSection(ProjectConfigurationPlatforms) = postSolution
		{898CA532-333B-4D23-9581-BD99E6C9545C}.Debug|ARM.ActiveCfg = Debug|ARM
		{898CA532-333B-4D23-9581-BD99E6C9545C}.Debug|ARM.Build.0 = Debug|ARM
		{898CA532-333B-4D23-9581-BD99E6C9545C}.Debug|ARM.Deploy.0 = Debug|ARM
		{898CA532-333B-4D23-9581-BD99E6C9545C}.Debug|ARM64.ActiveCfg = Debug|ARM64
		{898CA532-333B-4D23-9581-BD99E6C9545C}.Debug|ARM64.Build.0 = Debug|ARM64
		{898CA532-333B-4D23-9581-BD99E6C9545C}.Debug|ARM64.Deploy.0 = Debug|ARM64
		{898CA532-333B-4D23-9581-BD99E6C9545C}.Debug|x64.ActiveCfg = Debug|x64
		{898CA532-333B-4D23-9581-BD99E6C9545C}.Debug|x64.Build.0 = Debug|x64
		{898CA532-333B-4D23-9581-BD99E6C9545C}.Debug|x64.Deploy.0 = Debug|x64
		{898CA532-333B-4D23-9581-BD99E6C9545C}.Debug|x86.ActiveCfg = Debug|Win32
		{898CA532-333B-4D23-9581-BD99E6C9545C}.Debug|x86.Build.0 = Debug|Win32
		{898CA532-333B-4D23-9581-BD99E6C9545C}.Debug|x86.Deploy.0 = Debug|Win32
		{898CA532-333B-4D23-9581-BD99E6C9545C}.Release|ARM.ActiveCfg = Release|ARM
		{898CA532-333B-4D23-9581-BD99E6C9545C}.Release|ARM.Build.0 = Release|ARM
		{898CA532-333B-4D23-9581-BD99E6C9545C}.Release|ARM.Deploy.0 = Release|ARM
		{898CA532-333B-4D23-9581-BD99E6C9545C}.Release|ARM64.ActiveCfg = Release|ARM64
		{898CA532-333B-4D23-9581-BD99E6C9545C}.Release|ARM64.Build.0 = Release|ARM64
		{898CA532-333B-4D23-9581-BD99E6C9545C}.Release|ARM64.Deploy.0 = Release|ARM64
		{898CA532-333B-4D23-9581-BD99E6C9545C}.Release|x64.ActiveCfg = Release|x64
		{898CA532-333B-4D23-9581-BD99E6C9545C}.Release|x64.Build.0 = Release|x64
		{898CA532-333B-4D23-9581-BD99E6C9545C}.Release|x64.Deploy.0 = Release|x64
		{898CA532-333B-4D23-9581-BD99E6C9545C}.Release|x86.ActiveCfg = Release|Win32
		{898CA532-333B-4D23-9581-BD99E6C9545C}.Release|x86.Build.0 = Release|Win32
		{898CA532-333B-4D23-9581-BD99E6C9545C}.Release|x86.Deploy.0 = Release|Win32
		{247AC5B9-78D1-48B5-967A-5CB5139511E1}.Debug|ARM.ActiveCfg = Debug|Win32
		{247AC5B9-78D1-48B5-967A-5CB5139511E1}.Debug|ARM64.ActiveCfg = Debug|Win32
		{247AC5B9-78D1-48B5-967A-5CB5139511E1}.Debug|x64.ActiveCfg = Debug|x64
		{247AC5B9-78D1-48B5-967A-5CB5139511E1}.Debug|x64.Build.0 = Debug|x64
		{247AC5B9-78D1-48B5-967A-5CB5139511E1}.Debug|x86.ActiveCfg = Debug|Win32
		{247AC5B9-78D1-48B5-967A-5CB5139511E1}.Debug|x86.Build.0 = Debug|Win32
		{247AC5B9-78D1-48B5-967A-5CB5139511E1}.Release|ARM.ActiveCfg = Release|Win32
		{247AC5B9-78D1-48B5-967A-5CB5139511E1}.Release|ARM64.ActiveCfg = Release|Win32
		{247AC5B9-78D1-48B5-967A-5CB5139511E1}.Release|x64.ActiveCfg = Release|x64
		{247AC5B9-78D1-48B5-967A-5CB5139511E1}.Release|x64.Build.0 = Release|x64
		{247AC5B9-78D1-48B5-967A-5CB5139511E1}.Release|x86.ActiveCfg = Release|Win32
		{247AC5B9-78D1-48B5-967A-5CB5139511E1}.Release|x86.Build.0 = Release|Win32
		{2216DBDB-219E-4B41-8EDA-12FBB8519A6A}.Debug|ARM.ActiveCfg = Debug|ARM
		{2216DBDB-219E-4B41-8EDA-12FBB8519A6A}.Debug|ARM.Build.0 = Debug|ARM
		{2216DBDB-219E-4B41-8EDA-12FBB8519A6A}.Debug|ARM.Deploy.0 = Debug|ARM
		{2216DBDB-219E-4B41-8EDA-12FBB8519A6A}.Debug|ARM64.ActiveCfg = Debug|ARM64
		{2216DBDB-219E-4B41-8EDA-12FBB8519A6A}.Debug|ARM64.Build.0 = Debug|ARM64
		{2216DBDB-219E-4B41-8EDA-12FBB8519A6A}.Debug|ARM64.Deploy.0 = Debug|ARM64
		{2216DBDB-219E-4B41-8EDA-12FBB8519A6A}.Debug|x64.ActiveCfg = Debug|x64
		{2216DBDB-219E-4B41-8EDA-12FBB8519A6A}.Debug|x64.Build.0 = Debug|x64
		{2216DBDB-219E-4B41-8EDA-12FBB8519A6A}.Debug|x64.Deploy.0 = Debug|x64
		{2216DBDB-219E-4B41-8EDA-12FBB8519A6A}.Debug|x86.ActiveCfg = Debug|Win32
		{2216DBDB-219E-4B41-8EDA-12FBB8519A6A}.Debug|x86.Build.0 = Debug|Win32
		{2216DBDB-219E-4B41-8EDA-12FBB8519A6A}.Debug|x86.Deploy.0 = Debug|Win32
		{2216DBDB-219E-4B41-8EDA-12FBB8519A6A}.Release|ARM.ActiveCfg = Release|ARM
		{2216DBDB-219E-4B41-8EDA-12FBB8519A6A}.Release|ARM.Build.0 = Release|ARM
		{2216DBDB-219E-4B41-8EDA-12FBB8519A6A}.Release|ARM.Deploy.0 = Release|ARM
		{2216DBDB-219E-4B41-8EDA-12FBB8519A6A}.Release|ARM64.ActiveCfg = Release|ARM64
		{2216DBDB-219E-4B41-8EDA-12FBB8519A6A}.Release|ARM64.Build.0 = Release|ARM64
		{2216DBDB-219E-4B41-8EDA-12FBB8519A6A}.Release|ARM64.Deploy.0 = Release|ARM64
		{2216DBDB-219E-4B41-8EDA-12FBB8519A6A}.Release|x64.ActiveCfg = Release|x64
		{2216DBDB-219E-4B41-8EDA-12FBB8519A6A}.Release|x64.Build.0 = Release|x64
		{2216DBDB-219E-4B41-8EDA-12FBB8519A6A}.Release|x64.Deploy.0 = Release|x64
		{2216DBDB-219E-4B41-8EDA-12FBB8519A6A}.Release|x86.ActiveCfg = Release|Win32
		{2216DBDB-219E-4B41-8EDA-12FBB8519A6A}.Release|x86.Build.0 = Release|Win32
		{2216DBDB-219E-4B41-8EDA-12FBB8519A6A}.Release|x86.Deploy.0 = Release|Win32
		{975CDD01-EE36-4CA5-8F91-0EAB60AD117D}.Debug|ARM.ActiveCfg = Debug|Win32
		{975CDD01-EE36-4CA5-8F91-0EAB60AD117D}.Debug|ARM64.ActiveCfg = Debug|Win32
		{975CDD01-EE36-4CA5-8F91-0EAB60AD117D}.Debug|x64.ActiveCfg = Debug|x64
		{975CDD01-EE36-4CA5-8F91-0EAB60AD117D}.Debug|x64.Build.0 = Debug|x64
		{975CDD01-EE36-4CA5-8F91-0EAB60AD117D}.Debug|x86.ActiveCfg = Debug|Win32
		{975CDD01-EE36-4CA5-8F91-0EAB60AD117D}.Debug|x86.Build.0 = Debug|Win32
		{975CDD01-EE36-4CA5-8F91-0EAB60AD117D}.Release|ARM.ActiveCfg = Release|Win32
		{975CDD01-EE36-4CA5-8F91-0EAB60AD117D}.Release|ARM64.ActiveCfg = Release|Win32
		{975CDD01-EE36-4CA5-8F91-0EAB60AD117D}.Release|x64.ActiveCfg = Release|x64
		{975CDD01-EE36-4CA5-8F91-0EAB60AD117D}.Release|x64.Build.0 = Release|x64
		{975CDD01-EE36-4CA5-8F91-0EAB60AD117D}.Release|x86.ActiveCfg = Release|Win32
		{975CDD01-EE36-4CA5-8F91-0EAB60AD117D}.Release|x86.Build.0 = Release|Win32
	EndGlobalSection
	GlobalSection(SolutionProperties) = preSolution
		HideSolutionNode = FALSE
	EndGlobalSection
	GlobalSection(ExtensibilityGlobals) = postSolution
		SolutionGuid = {9A3F2803-2EC3-47A5-9253-E68E7D9D81F3}
	EndGlobalSection
EndGlobal
